// !$*UTF8*$!
{
	archiveVersion = 1;
	classes = {
	};
	objectVersion = 55;
	objects = {

/* Begin PBXBuildFile section */
		05A7C9AB28C6558700A37A74 /* AppDelegate.swift in Sources */ = {isa = PBXBuildFile; fileRef = 05A7C9AA28C6558700A37A74 /* AppDelegate.swift */; };
		05A7C9AD28C6558700A37A74 /* SceneDelegate.swift in Sources */ = {isa = PBXBuildFile; fileRef = 05A7C9AC28C6558700A37A74 /* SceneDelegate.swift */; };
		05A7C9AF28C6558700A37A74 /* SignInViewController.swift in Sources */ = {isa = PBXBuildFile; fileRef = 05A7C9AE28C6558700A37A74 /* SignInViewController.swift */; };
		05A7C9B428C6558B00A37A74 /* Assets.xcassets in Resources */ = {isa = PBXBuildFile; fileRef = 05A7C9B328C6558B00A37A74 /* Assets.xcassets */; };
		05A7C9B728C6558B00A37A74 /* LaunchScreen.storyboard in Resources */ = {isa = PBXBuildFile; fileRef = 05A7C9B528C6558B00A37A74 /* LaunchScreen.storyboard */; };
		05A7C9C328C6597700A37A74 /* Extensions.swift in Sources */ = {isa = PBXBuildFile; fileRef = 05A7C9C228C6597700A37A74 /* Extensions.swift */; };
/* End PBXBuildFile section */

/* Begin PBXFileReference section */
		05A7C9A728C6558700A37A74 /* Funios-Izlude-Quiz2.app */ = {isa = PBXFileReference; explicitFileType = wrapper.application; includeInIndex = 0; path = "Funios-Izlude-Quiz2.app"; sourceTree = BUILT_PRODUCTS_DIR; };
		05A7C9AA28C6558700A37A74 /* AppDelegate.swift */ = {isa = PBXFileReference; lastKnownFileType = sourcecode.swift; path = AppDelegate.swift; sourceTree = "<group>"; };
		05A7C9AC28C6558700A37A74 /* SceneDelegate.swift */ = {isa = PBXFileReference; lastKnownFileType = sourcecode.swift; path = SceneDelegate.swift; sourceTree = "<group>"; };
		05A7C9AE28C6558700A37A74 /* SignInViewController.swift */ = {isa = PBXFileReference; lastKnownFileType = sourcecode.swift; path = SignInViewController.swift; sourceTree = "<group>"; };
		05A7C9B328C6558B00A37A74 /* Assets.xcassets */ = {isa = PBXFileReference; lastKnownFileType = folder.assetcatalog; path = Assets.xcassets; sourceTree = "<group>"; };
		05A7C9B628C6558B00A37A74 /* Base */ = {isa = PBXFileReference; lastKnownFileType = file.storyboard; name = Base; path = Base.lproj/LaunchScreen.storyboard; sourceTree = "<group>"; };
		05A7C9B828C6558B00A37A74 /* Info.plist */ = {isa = PBXFileReference; lastKnownFileType = text.plist.xml; path = Info.plist; sourceTree = "<group>"; };
		05A7C9C228C6597700A37A74 /* Extensions.swift */ = {isa = PBXFileReference; lastKnownFileType = sourcecode.swift; path = Extensions.swift; sourceTree = "<group>"; };
/* End PBXFileReference section */

/* Begin PBXFrameworksBuildPhase section */
		05A7C9A428C6558700A37A74 /* Frameworks */ = {
			isa = PBXFrameworksBuildPhase;
			buildActionMask = 2147483647;
			files = (
			);
			runOnlyForDeploymentPostprocessing = 0;
		};
/* End PBXFrameworksBuildPhase section */

/* Begin PBXGroup section */
		05A7C99E28C6558700A37A74 = {
			isa = PBXGroup;
			children = (
				05A7C9A928C6558700A37A74 /* Funios-Izlude-Quiz2 */,
				05A7C9A828C6558700A37A74 /* Products */,
			);
			sourceTree = "<group>";
		};
		05A7C9A828C6558700A37A74 /* Products */ = {
			isa = PBXGroup;
			children = (
				05A7C9A728C6558700A37A74 /* Funios-Izlude-Quiz2.app */,
			);
			name = Products;
			sourceTree = "<group>";
		};
		05A7C9A928C6558700A37A74 /* Funios-Izlude-Quiz2 */ = {
			isa = PBXGroup;
			children = (
				05A7C9AA28C6558700A37A74 /* AppDelegate.swift */,
				05A7C9AE28C6558700A37A74 /* SignInViewController.swift */,
				05A7C9AC28C6558700A37A74 /* SceneDelegate.swift */,
				05A7C9C128C6595F00A37A74 /* Helper */,
				05A7C9B328C6558B00A37A74 /* Assets.xcassets */,
				05A7C9B528C6558B00A37A74 /* LaunchScreen.storyboard */,
				05A7C9B828C6558B00A37A74 /* Info.plist */,
			);
			path = "Funios-Izlude-Quiz2";
			sourceTree = "<group>";
		};
		05A7C9C128C6595F00A37A74 /* Helper */ = {
			isa = PBXGroup;
			children = (
				05A7C9C228C6597700A37A74 /* Extensions.swift */,
			);
			path = Helper;
			sourceTree = "<group>";
		};
/* End PBXGroup section */

/* Begin PBXNativeTarget section */
		05A7C9A628C6558700A37A74 /* Funios-Izlude-Quiz2 */ = {
			isa = PBXNativeTarget;
			buildConfigurationList = 05A7C9BB28C6558B00A37A74 /* Build configuration list for PBXNativeTarget "Funios-Izlude-Quiz2" */;
			buildPhases = (
				05A7C9A328C6558700A37A74 /* Sources */,
				05A7C9A428C6558700A37A74 /* Frameworks */,
				05A7C9A528C6558700A37A74 /* Resources */,
			);
			buildRules = (
			);
			dependencies = (
			);
			name = "Funios-Izlude-Quiz2";
			productName = "Funios-Izlude-Quiz2";
			productReference = 05A7C9A728C6558700A37A74 /* Funios-Izlude-Quiz2.app */;
			productType = "com.apple.product-type.application";
		};
/* End PBXNativeTarget section */

/* Begin PBXProject section */
		05A7C99F28C6558700A37A74 /* Project object */ = {
			isa = PBXProject;
			attributes = {
				BuildIndependentTargetsInParallel = 1;
				LastSwiftUpdateCheck = 1340;
				LastUpgradeCheck = 1340;
				TargetAttributes = {
					05A7C9A628C6558700A37A74 = {
						CreatedOnToolsVersion = 13.4.1;
					};
				};
			};
			buildConfigurationList = 05A7C9A228C6558700A37A74 /* Build configuration list for PBXProject "Funios-Izlude-Quiz2" */;
			compatibilityVersion = "Xcode 13.0";
			developmentRegion = en;
			hasScannedForEncodings = 0;
			knownRegions = (
				en,
				Base,
			);
			mainGroup = 05A7C99E28C6558700A37A74;
			productRefGroup = 05A7C9A828C6558700A37A74 /* Products */;
			projectDirPath = "";
			projectRoot = "";
			targets = (
				05A7C9A628C6558700A37A74 /* Funios-Izlude-Quiz2 */,
			);
		};
/* End PBXProject section */

/* Begin PBXResourcesBuildPhase section */
		05A7C9A528C6558700A37A74 /* Resources */ = {
			isa = PBXResourcesBuildPhase;
			buildActionMask = 2147483647;
			files = (
				05A7C9B728C6558B00A37A74 /* LaunchScreen.storyboard in Resources */,
				05A7C9B428C6558B00A37A74 /* Assets.xcassets in Resources */,
			);
			runOnlyForDeploymentPostprocessing = 0;
		};
/* End PBXResourcesBuildPhase section */

/* Begin PBXSourcesBuildPhase section */
		05A7C9A328C6558700A37A74 /* Sources */ = {
			isa = PBXSourcesBuildPhase;
			buildActionMask = 2147483647;
			files = (
				05A7C9AF28C6558700A37A74 /* SignInViewController.swift in Sources */,
				05A7C9AB28C6558700A37A74 /* AppDelegate.swift in Sources */,
				05A7C9AD28C6558700A37A74 /* SceneDelegate.swift in Sources */,
				05A7C9C328C6597700A37A74 /* Extensions.swift in Sources */,
			);
			runOnlyForDeploymentPostprocessing = 0;
		};
/* End PBXSourcesBuildPhase section */

/* Begin PBXVariantGroup section */
		05A7C9B528C6558B00A37A74 /* LaunchScreen.storyboard */ = {
			isa = PBXVariantGroup;
			children = (
				05A7C9B628C6558B00A37A74 /* Base */,
			);
			name = LaunchScreen.storyboard;
			sourceTree = "<group>";
		};
/* End PBXVariantGroup section */

/* Begin XCBuildConfiguration section */
		05A7C9B928C6558B00A37A74 /* Debug */ = {
			isa = XCBuildConfiguration;
			buildSettings = {
				ALWAYS_SEARCH_USER_PATHS = NO;
				CLANG_ANALYZER_NONNULL = YES;
				CLANG_ANALYZER_NUMBER_OBJECT_CONVERSION = YES_AGGRESSIVE;
				CLANG_CXX_LANGUAGE_STANDARD = "gnu++17";
				CLANG_ENABLE_MODULES = YES;
				CLANG_ENABLE_OBJC_ARC = YES;
				CLANG_ENABLE_OBJC_WEAK = YES;
				CLANG_WARN_BLOCK_CAPTURE_AUTORELEASING = YES;
				CLANG_WARN_BOOL_CONVERSION = YES;
				CLANG_WARN_COMMA = YES;
				CLANG_WARN_CONSTANT_CONVERSION = YES;
				CLANG_WARN_DEPRECATED_OBJC_IMPLEMENTATIONS = YES;
				CLANG_WARN_DIRECT_OBJC_ISA_USAGE = YES_ERROR;
				CLANG_WARN_DOCUMENTATION_COMMENTS = YES;
				CLANG_WARN_EMPTY_BODY = YES;
				CLANG_WARN_ENUM_CONVERSION = YES;
				CLANG_WARN_INFINITE_RECURSION = YES;
				CLANG_WARN_INT_CONVERSION = YES;
				CLANG_WARN_NON_LITERAL_NULL_CONVERSION = YES;
				CLANG_WARN_OBJC_IMPLICIT_RETAIN_SELF = YES;
				CLANG_WARN_OBJC_LITERAL_CONVERSION = YES;
				CLANG_WARN_OBJC_ROOT_CLASS = YES_ERROR;
				CLANG_WARN_QUOTED_INCLUDE_IN_FRAMEWORK_HEADER = YES;
				CLANG_WARN_RANGE_LOOP_ANALYSIS = YES;
				CLANG_WARN_STRICT_PROTOTYPES = YES;
				CLANG_WARN_SUSPICIOUS_MOVE = YES;
				CLANG_WARN_UNGUARDED_AVAILABILITY = YES_AGGRESSIVE;
				CLANG_WARN_UNREACHABLE_CODE = YES;
				CLANG_WARN__DUPLICATE_METHOD_MATCH = YES;
				COPY_PHASE_STRIP = NO;
				DEBUG_INFORMATION_FORMAT = dwarf;
				ENABLE_STRICT_OBJC_MSGSEND = YES;
				ENABLE_TESTABILITY = YES;
				GCC_C_LANGUAGE_STANDARD = gnu11;
				GCC_DYNAMIC_NO_PIC = NO;
				GCC_NO_COMMON_BLOCKS = YES;
				GCC_OPTIMIZATION_LEVEL = 0;
				GCC_PREPROCESSOR_DEFINITIONS = (
					"DEBUG=1",
					"$(inherited)",
				);
				GCC_WARN_64_TO_32_BIT_CONVERSION = YES;
				GCC_WARN_ABOUT_RETURN_TYPE = YES_ERROR;
				GCC_WARN_UNDECLARED_SELECTOR = YES;
				GCC_WARN_UNINITIALIZED_AUTOS = YES_AGGRESSIVE;
				GCC_WARN_UNUSED_FUNCTION = YES;
				GCC_WARN_UNUSED_VARIABLE = YES;
				IPHONEOS_DEPLOYMENT_TARGET = 15.5;
				MTL_ENABLE_DEBUG_INFO = INCLUDE_SOURCE;
				MTL_FAST_MATH = YES;
				ONLY_ACTIVE_ARCH = YES;
				SDKROOT = iphoneos;
				SWIFT_ACTIVE_COMPILATION_CONDITIONS = DEBUG;
				SWIFT_OPTIMIZATION_LEVEL = "-Onone";
			};
			name = Debug;
		};
		05A7C9BA28C6558B00A37A74 /* Release */ = {
			isa = XCBuildConfiguration;
			buildSettings = {
				ALWAYS_SEARCH_USER_PATHS = NO;
				CLANG_ANALYZER_NONNULL = YES;
				CLANG_ANALYZER_NUMBER_OBJECT_CONVERSION = YES_AGGRESSIVE;
				CLANG_CXX_LANGUAGE_STANDARD = "gnu++17";
				CLANG_ENABLE_MODULES = YES;
				CLANG_ENABLE_OBJC_ARC = YES;
				CLANG_ENABLE_OBJC_WEAK = YES;
				CLANG_WARN_BLOCK_CAPTURE_AUTORELEASING = YES;
				CLANG_WARN_BOOL_CONVERSION = YES;
				CLANG_WARN_COMMA = YES;
				CLANG_WARN_CONSTANT_CONVERSION = YES;
				CLANG_WARN_DEPRECATED_OBJC_IMPLEMENTATIONS = YES;
				CLANG_WARN_DIRECT_OBJC_ISA_USAGE = YES_ERROR;
				CLANG_WARN_DOCUMENTATION_COMMENTS = YES;
				CLANG_WARN_EMPTY_BODY = YES;
				CLANG_WARN_ENUM_CONVERSION = YES;
				CLANG_WARN_INFINITE_RECURSION = YES;
				CLANG_WARN_INT_CONVERSION = YES;
				CLANG_WARN_NON_LITERAL_NULL_CONVERSION = YES;
				CLANG_WARN_OBJC_IMPLICIT_RETAIN_SELF = YES;
				CLANG_WARN_OBJC_LITERAL_CONVERSION = YES;
				CLANG_WARN_OBJC_ROOT_CLASS = YES_ERROR;
				CLANG_WARN_QUOTED_INCLUDE_IN_FRAMEWORK_HEADER = YES;
				CLANG_WARN_RANGE_LOOP_ANALYSIS = YES;
				CLANG_WARN_STRICT_PROTOTYPES = YES;
				CLANG_WARN_SUSPICIOUS_MOVE = YES;
				CLANG_WARN_UNGUARDED_AVAILABILITY = YES_AGGRESSIVE;
				CLANG_WARN_UNREACHABLE_CODE = YES;
				CLANG_WARN__DUPLICATE_METHOD_MATCH = YES;
				COPY_PHASE_STRIP = NO;
				DEBUG_INFORMATION_FORMAT = "dwarf-with-dsym";
				ENABLE_NS_ASSERTIONS = NO;
				ENABLE_STRICT_OBJC_MSGSEND = YES;
				GCC_C_LANGUAGE_STANDARD = gnu11;
				GCC_NO_COMMON_BLOCKS = YES;
				GCC_WARN_64_TO_32_BIT_CONVERSION = YES;
				GCC_WARN_ABOUT_RETURN_TYPE = YES_ERROR;
				GCC_WARN_UNDECLARED_SELECTOR = YES;
				GCC_WARN_UNINITIALIZED_AUTOS = YES_AGGRESSIVE;
				GCC_WARN_UNUSED_FUNCTION = YES;
				GCC_WARN_UNUSED_VARIABLE = YES;
				IPHONEOS_DEPLOYMENT_TARGET = 15.5;
				MTL_ENABLE_DEBUG_INFO = NO;
				MTL_FAST_MATH = YES;
				SDKROOT = iphoneos;
				SWIFT_COMPILATION_MODE = wholemodule;
				SWIFT_OPTIMIZATION_LEVEL = "-O";
				VALIDATE_PRODUCT = YES;
			};
			name = Release;
		};
		05A7C9BC28C6558B00A37A74 /* Debug */ = {
			isa = XCBuildConfiguration;
			buildSettings = {
				ASSETCATALOG_COMPILER_APPICON_NAME = AppIcon;
				ASSETCATALOG_COMPILER_GLOBAL_ACCENT_COLOR_NAME = AccentColor;
				CODE_SIGN_STYLE = Automatic;
				CURRENT_PROJECT_VERSION = 1;
				DEVELOPMENT_TEAM = XLX6KD3AF8;
				GENERATE_INFOPLIST_FILE = YES;
				INFOPLIST_FILE = "Funios-Izlude-Quiz2/Info.plist";
				INFOPLIST_KEY_UIApplicationSupportsIndirectInputEvents = YES;
				INFOPLIST_KEY_UILaunchStoryboardName = LaunchScreen;
				INFOPLIST_KEY_UISupportedInterfaceOrientations_iPad = "UIInterfaceOrientationPortrait UIInterfaceOrientationPortraitUpsideDown UIInterfaceOrientationLandscapeLeft UIInterfaceOrientationLandscapeRight";
				INFOPLIST_KEY_UISupportedInterfaceOrientations_iPhone = "UIInterfaceOrientationPortrait UIInterfaceOrientationLandscapeLeft UIInterfaceOrientationLandscapeRight";
				LD_RUNPATH_SEARCH_PATHS = (
					"$(inherited)",
					"@executable_path/Frameworks",
				);
				MARKETING_VERSION = 1.0;
				PRODUCT_BUNDLE_IDENTIFIER = "fauziarda.com.Funios-Izlude-Quiz2";
				PRODUCT_NAME = "$(TARGET_NAME)";
				SWIFT_EMIT_LOC_STRINGS = YES;
				SWIFT_VERSION = 5.0;
				TARGETED_DEVICE_FAMILY = "1,2";
			};
			name = Debug;
		};
		05A7C9BD28C6558B00A37A74 /* Release */ = {
			isa = XCBuildConfiguration;
			buildSettings = {
				ASSETCATALOG_COMPILER_APPICON_NAME = AppIcon;
				ASSETCATALOG_COMPILER_GLOBAL_ACCENT_COLOR_NAME = AccentColor;
				CODE_SIGN_STYLE = Automatic;
				CURRENT_PROJECT_VERSION = 1;
				DEVELOPMENT_TEAM = XLX6KD3AF8;
				GENERATE_INFOPLIST_FILE = YES;
				INFOPLIST_FILE = "Funios-Izlude-Quiz2/Info.plist";
				INFOPLIST_KEY_UIApplicationSupportsIndirectInputEvents = YES;
				INFOPLIST_KEY_UILaunchStoryboardName = LaunchScreen;
				INFOPLIST_KEY_UISupportedInterfaceOrientations_iPad = "UIInterfaceOrientationPortrait UIInterfaceOrientationPortraitUpsideDown UIInterfaceOrientationLandscapeLeft UIInterfaceOrientationLandscapeRight";
				INFOPLIST_KEY_UISupportedInterfaceOrientations_iPhone = "UIInterfaceOrientationPortrait UIInterfaceOrientationLandscapeLeft UIInterfaceOrientationLandscapeRight";
				LD_RUNPATH_SEARCH_PATHS = (
					"$(inherited)",
					"@executable_path/Frameworks",
				);
				MARKETING_VERSION = 1.0;
				PRODUCT_BUNDLE_IDENTIFIER = "fauziarda.com.Funios-Izlude-Quiz2";
				PRODUCT_NAME = "$(TARGET_NAME)";
				SWIFT_EMIT_LOC_STRINGS = YES;
				SWIFT_VERSION = 5.0;
				TARGETED_DEVICE_FAMILY = "1,2";
			};
			name = Release;
		};
/* End XCBuildConfiguration section */

/* Begin XCConfigurationList section */
		05A7C9A228C6558700A37A74 /* Build configuration list for PBXProject "Funios-Izlude-Quiz2" */ = {
			isa = XCConfigurationList;
			buildConfigurations = (
				05A7C9B928C6558B00A37A74 /* Debug */,
				05A7C9BA28C6558B00A37A74 /* Release */,
			);
			defaultConfigurationIsVisible = 0;
			defaultConfigurationName = Release;
		};
		05A7C9BB28C6558B00A37A74 /* Build configuration list for PBXNativeTarget "Funios-Izlude-Quiz2" */ = {
			isa = XCConfigurationList;
			buildConfigurations = (
				05A7C9BC28C6558B00A37A74 /* Debug */,
				05A7C9BD28C6558B00A37A74 /* Release */,
			);
			defaultConfigurationIsVisible = 0;
			defaultConfigurationName = Release;
		};
/* End XCConfigurationList section */
	};
	rootObject = 05A7C99F28C6558700A37A74 /* Project object */;
}
